
Microsoft Visual Studio Solution File, Format Version 12.00
# Visual Studio 14
VisualStudioVersion = 14.0.25420.1
MinimumVisualStudioVersion = 10.0.40219.1
Project("{F184B08F-C81C-45F6-A57F-5ABD9991F28F}") = "EX07-CurrencyConverter", "EX07-CurrencyConverter\EX07-CurrencyConverter.vbproj", "{A6B02DC5-4B54-46F7-A86D-7E4F36878EE7}"
EndProject
Project("{2150E333-8FDC-42A3-9474-1A3956D46DE8}") = "Solution Items", "Solution Items", "{8882AA4A-107E-479B-8171-47A4CAA9CD83}"
EndProject
Global
	GlobalSection(SolutionConfigurationPlatforms) = preSolution
		Debug|Any CPU = Debug|Any CPU
		Release|Any CPU = Release|Any CPU
	EndGlobalSection
	GlobalSection(ProjectConfigurationPlatforms) = postSolution
		{A6B02DC5-4B54-46F7-A86D-7E4F36878EE7}.Debug|Any CPU.ActiveCfg = Debug|Any CPU
		{A6B02DC5-4B54-46F7-A86D-7E4F36878EE7}.Debug|Any CPU.Build.0 = Debug|Any CPU
		{A6B02DC5-4B54-46F7-A86D-7E4F36878EE7}.Release|Any CPU.ActiveCfg = Release|Any CPU
		{A6B02DC5-4B54-46F7-A86D-7E4F36878EE7}.Release|Any CPU.Build.0 = Release|Any CPU
	EndGlobalSection
	GlobalSection(SolutionProperties) = preSolution
		HideSolutionNode = FALSE
	EndGlobalSection
EndGlobal
