
Microsoft Visual Studio Solution File, Format Version 12.00
# Visual Studio 14
VisualStudioVersion = 14.0.25420.1
MinimumVisualStudioVersion = 10.0.40219.1
Project("{F184B08F-C81C-45F6-A57F-5ABD9991F28F}") = "Pattern", "Pattern\Pattern.vbproj", "{FDAB8C13-962E-401B-BD8E-54EC617FD212}"
EndProject
Global
	GlobalSection(SolutionConfigurationPlatforms) = preSolution
		Debug|Any CPU = Debug|Any CPU
		Release|Any CPU = Release|Any CPU
	EndGlobalSection
	GlobalSection(ProjectConfigurationPlatforms) = postSolution
		{FDAB8C13-962E-401B-BD8E-54EC617FD212}.Debug|Any CPU.ActiveCfg = Debug|Any CPU
		{FDAB8C13-962E-401B-BD8E-54EC617FD212}.Debug|Any CPU.Build.0 = Debug|Any CPU
		{FDAB8C13-962E-401B-BD8E-54EC617FD212}.Release|Any CPU.ActiveCfg = Release|Any CPU
		{FDAB8C13-962E-401B-BD8E-54EC617FD212}.Release|Any CPU.Build.0 = Release|Any CPU
	EndGlobalSection
	GlobalSection(SolutionProperties) = preSolution
		HideSolutionNode = FALSE
	EndGlobalSection
EndGlobal
